
Microsoft Visual Studio Solution File, Format Version 12.00
# Visual Studio 15
VisualStudioVersion = 15.0.26730.16
MinimumVisualStudioVersion = 10.0.40219.1
Project("{8BC9CEB8-8B4A-11D0-8D11-00A0C91BC942}") = "JudgeRouteCircle", "JudgeRouteCircle\JudgeRouteCircle.vcxproj", "{646D4323-2B9C-40BD-B5FD-1607C0EAAEA1}"
EndProject
Global
	GlobalSection(SolutionConfigurationPlatforms) = preSolution
		Debug|x64 = Debug|x64
		Debug|x86 = Debug|x86
		Release|x64 = Release|x64
		Release|x86 = Release|x86
	EndGlobalSection
	GlobalSection(ProjectConfigurationPlatforms) = postSolution
		{646D4323-2B9C-40BD-B5FD-1607C0EAAEA1}.Debug|x64.ActiveCfg = Debug|x64
		{646D4323-2B9C-40BD-B5FD-1607C0EAAEA1}.Debug|x64.Build.0 = Debug|x64
		{646D4323-2B9C-40BD-B5FD-1607C0EAAEA1}.Debug|x86.ActiveCfg = Debug|Win32
		{646D4323-2B9C-40BD-B5FD-1607C0EAAEA1}.Debug|x86.Build.0 = Debug|Win32
		{646D4323-2B9C-40BD-B5FD-1607C0EAAEA1}.Release|x64.ActiveCfg = Release|x64
		{646D4323-2B9C-40BD-B5FD-1607C0EAAEA1}.Release|x64.Build.0 = Release|x64
		{646D4323-2B9C-40BD-B5FD-1607C0EAAEA1}.Release|x86.ActiveCfg = Release|Win32
		{646D4323-2B9C-40BD-B5FD-1607C0EAAEA1}.Release|x86.Build.0 = Release|Win32
	EndGlobalSection
	GlobalSection(SolutionProperties) = preSolution
		HideSolutionNode = FALSE
	EndGlobalSection
	GlobalSection(ExtensibilityGlobals) = postSolution
		SolutionGuid = {B4A9865A-15AB-4AD5-BA55-199730B045BC}
	EndGlobalSection
EndGlobal
